
Microsoft Visual Studio Solution File, Format Version 12.00
# Visual Studio Version 17
VisualStudioVersion = 17.8.34408.163
MinimumVisualStudioVersion = 10.0.40219.1
Project("{9A19103F-16F7-4668-BE54-9A1E7A4F7556}") = "MVC_Video_Rental_Store", "MVC_Video_Rental_Store\MVC_Video_Rental_Store.csproj", "{4B581D56-8BFB-4A93-B862-21E55FAD911D}"
EndProject
Project("{9A19103F-16F7-4668-BE54-9A1E7A4F7556}") = "DomainModels", "DomainModels\DomainModels.csproj", "{2925EDE6-C413-4C0E-8855-4C6D6C33C1F3}"
EndProject
Project("{9A19103F-16F7-4668-BE54-9A1E7A4F7556}") = "DataAccess", "DataAccess\DataAccess.csproj", "{CF115038-FB44-4BB9-9107-42248B72443E}"
EndProject
Project("{9A19103F-16F7-4668-BE54-9A1E7A4F7556}") = "Sevices", "Sevices\Sevices.csproj", "{0C928F83-E01C-4E3D-84B9-4E95C290209B}"
EndProject
Project("{9A19103F-16F7-4668-BE54-9A1E7A4F7556}") = "ViewModels", "ViewModels\ViewModels.csproj", "{21D036F4-7464-4B20-A5D9-71F3903B7371}"
EndProject
Project("{FAE04EC0-301F-11D3-BF4B-00C04F79EFBC}") = "Mappers", "Mappers\Mappers.csproj", "{4EA0B67A-4ACE-41E6-8258-0B31098E5F65}"
EndProject
Project("{FAE04EC0-301F-11D3-BF4B-00C04F79EFBC}") = "Enums", "Enums\Enums.csproj", "{43569291-8C21-4F05-8672-F361BE7F7616}"
EndProject
Global
	GlobalSection(SolutionConfigurationPlatforms) = preSolution
		Debug|Any CPU = Debug|Any CPU
		Release|Any CPU = Release|Any CPU
	EndGlobalSection
	GlobalSection(ProjectConfigurationPlatforms) = postSolution
		{4B581D56-8BFB-4A93-B862-21E55FAD911D}.Debug|Any CPU.ActiveCfg = Debug|Any CPU
		{4B581D56-8BFB-4A93-B862-21E55FAD911D}.Debug|Any CPU.Build.0 = Debug|Any CPU
		{4B581D56-8BFB-4A93-B862-21E55FAD911D}.Release|Any CPU.ActiveCfg = Release|Any CPU
		{4B581D56-8BFB-4A93-B862-21E55FAD911D}.Release|Any CPU.Build.0 = Release|Any CPU
		{2925EDE6-C413-4C0E-8855-4C6D6C33C1F3}.Debug|Any CPU.ActiveCfg = Debug|Any CPU
		{2925EDE6-C413-4C0E-8855-4C6D6C33C1F3}.Debug|Any CPU.Build.0 = Debug|Any CPU
		{2925EDE6-C413-4C0E-8855-4C6D6C33C1F3}.Release|Any CPU.ActiveCfg = Release|Any CPU
		{2925EDE6-C413-4C0E-8855-4C6D6C33C1F3}.Release|Any CPU.Build.0 = Release|Any CPU
		{CF115038-FB44-4BB9-9107-42248B72443E}.Debug|Any CPU.ActiveCfg = Debug|Any CPU
		{CF115038-FB44-4BB9-9107-42248B72443E}.Debug|Any CPU.Build.0 = Debug|Any CPU
		{CF115038-FB44-4BB9-9107-42248B72443E}.Release|Any CPU.ActiveCfg = Release|Any CPU
		{CF115038-FB44-4BB9-9107-42248B72443E}.Release|Any CPU.Build.0 = Release|Any CPU
		{0C928F83-E01C-4E3D-84B9-4E95C290209B}.Debug|Any CPU.ActiveCfg = Debug|Any CPU
		{0C928F83-E01C-4E3D-84B9-4E95C290209B}.Debug|Any CPU.Build.0 = Debug|Any CPU
		{0C928F83-E01C-4E3D-84B9-4E95C290209B}.Release|Any CPU.ActiveCfg = Release|Any CPU
		{0C928F83-E01C-4E3D-84B9-4E95C290209B}.Release|Any CPU.Build.0 = Release|Any CPU
		{21D036F4-7464-4B20-A5D9-71F3903B7371}.Debug|Any CPU.ActiveCfg = Debug|Any CPU
		{21D036F4-7464-4B20-A5D9-71F3903B7371}.Debug|Any CPU.Build.0 = Debug|Any CPU
		{21D036F4-7464-4B20-A5D9-71F3903B7371}.Release|Any CPU.ActiveCfg = Release|Any CPU
		{21D036F4-7464-4B20-A5D9-71F3903B7371}.Release|Any CPU.Build.0 = Release|Any CPU
		{4EA0B67A-4ACE-41E6-8258-0B31098E5F65}.Debug|Any CPU.ActiveCfg = Debug|Any CPU
		{4EA0B67A-4ACE-41E6-8258-0B31098E5F65}.Debug|Any CPU.Build.0 = Debug|Any CPU
		{4EA0B67A-4ACE-41E6-8258-0B31098E5F65}.Release|Any CPU.ActiveCfg = Release|Any CPU
		{4EA0B67A-4ACE-41E6-8258-0B31098E5F65}.Release|Any CPU.Build.0 = Release|Any CPU
		{43569291-8C21-4F05-8672-F361BE7F7616}.Debug|Any CPU.ActiveCfg = Debug|Any CPU
		{43569291-8C21-4F05-8672-F361BE7F7616}.Debug|Any CPU.Build.0 = Debug|Any CPU
		{43569291-8C21-4F05-8672-F361BE7F7616}.Release|Any CPU.ActiveCfg = Release|Any CPU
		{43569291-8C21-4F05-8672-F361BE7F7616}.Release|Any CPU.Build.0 = Release|Any CPU
	EndGlobalSection
	GlobalSection(SolutionProperties) = preSolution
		HideSolutionNode = FALSE
	EndGlobalSection
	GlobalSection(ExtensibilityGlobals) = postSolution
		SolutionGuid = {9249AEF2-EEA3-4BB8-9DD3-283619388698}
	EndGlobalSection
EndGlobal
